{
    "_readme": [
        "This file locks the dependencies of your project to a known state",
        "Read more about it at https://getcomposer.org/doc/01-basic-usage.md#installing-dependencies",
        "This file is @generated automatically"
    ],
    "content-hash": "f15d0b0935a7e6b3b6d16cb70c84e1de",
    "packages": [
        {
            "name": "phpvv/db",
            "version": "dev-master",
            "source": {
                "type": "git",
                "url": "https://github.com/phpvv/db.git",
                "reference": "ee0a75dce26b2919e408d994be7c92a154aa35f6"
            },
            "dist": {
                "type": "zip",
                "url": "https://api.github.com/repos/phpvv/db/zipball/ee0a75dce26b2919e408d994be7c92a154aa35f6",
                "reference": "ee0a75dce26b2919e408d994be7c92a154aa35f6",
                "shasum": ""
            },
            "require": {
                "php": "^8.0",
                "phpvv/exception": "^0.2.0",
                "phpvv/runtime": "^0.2.0"
            },
            "require-dev": {
                "jetbrains/phpstorm-attributes": "^1.0"
            },
            "default-branch": true,
            "type": "library",
            "autoload": {
                "classmap": [
                    "Db.php"
                ],
                "psr-4": {
                    "VV\\Db\\": "Db"
                }
            },
            "notification-url": "https://packagist.org/downloads/",
            "license": [
                "MIT"
            ],
            "authors": [
                {
                    "name": "Volodymyr Sarnytskyi",
                    "email": "v00v4n@gmail.com"
                }
            ],
            "description": "VV database abstraction layer with query builder and DB structure models",
            "support": {
                "issues": "https://github.com/phpvv/db/issues",
                "source": "https://github.com/phpvv/db/tree/master"
            },
            "time": "2021-04-06T19:15:18+00:00"
        },
        {
            "name": "phpvv/exception",
            "version": "0.2.0",
            "source": {
                "type": "git",
                "url": "https://github.com/phpvv/exception.git",
                "reference": "25cf76ff57fd6c93fd9c5949f7231c370b6a2b7c"
            },
            "dist": {
                "type": "zip",
                "url": "https://api.github.com/repos/phpvv/exception/zipball/25cf76ff57fd6c93fd9c5949f7231c370b6a2b7c",
                "reference": "25cf76ff57fd6c93fd9c5949f7231c370b6a2b7c",
                "shasum": ""
            },
            "require": {
                "php": "^8.0",
                "phpvv/runtime": "0.2.0"
            },
            "require-dev": {
                "jetbrains/phpstorm-attributes": "^1.0"
            },
            "type": "library",
            "autoload": {
                "classmap": [
                    "Exception.php"
                ],
                "psr-4": {
                    "VV\\Exception\\": "Exception/"
                }
            },
            "notification-url": "https://packagist.org/downloads/",
            "license": [
                "MIT"
            ],
            "authors": [
                {
                    "name": "Volodymyr Sarnytskyi",
                    "email": "v00v4n@gmail.com"
                }
            ],
            "description": "VV Exception",
            "support": {
                "issues": "https://github.com/phpvv/exception/issues",
                "source": "https://github.com/phpvv/exception/tree/v0.2.0"
            },
            "time": "2021-03-28T08:11:01+00:00"
        },
        {
            "name": "phpvv/runtime",
            "version": "0.2.0",
            "source": {
                "type": "git",
                "url": "https://github.com/phpvv/runtime.git",
                "reference": "d407151fd0b19ca09759ab30d8c80304911a5080"
            },
            "dist": {
                "type": "zip",
                "url": "https://api.github.com/repos/phpvv/runtime/zipball/d407151fd0b19ca09759ab30d8c80304911a5080",
                "reference": "d407151fd0b19ca09759ab30d8c80304911a5080",
                "shasum": ""
            },
            "require": {
                "php": "^8.0"
            },
            "require-dev": {
                "jetbrains/phpstorm-attributes": "^1.0"
            },
            "type": "library",
            "autoload": {
                "files": [
                    "const.php",
                    "func.php"
                ],
                "classmap": [
                    "VV.php"
                ]
            },
            "notification-url": "https://packagist.org/downloads/",
            "license": [
                "MIT"
            ],
            "authors": [
                {
                    "name": "Volodymyr Sarnytskyi",
                    "email": "v00v4n@gmail.com"
                }
            ],
            "description": "VV Runtime",
            "support": {
                "issues": "https://github.com/phpvv/runtime/issues",
                "source": "https://github.com/phpvv/runtime/tree/v0.2.0"
            },
            "time": "2021-03-28T07:57:57+00:00"
        }
    ],
    "packages-dev": [
        {
            "name": "jetbrains/phpstorm-attributes",
            "version": "1.0",
            "source": {
                "type": "git",
                "url": "https://github.com/JetBrains/phpstorm-attributes.git",
                "reference": "a7a83ae5df4dd3c0875484483de19de8edf60a9f"
            },
            "dist": {
                "type": "zip",
                "url": "https://api.github.com/repos/JetBrains/phpstorm-attributes/zipball/a7a83ae5df4dd3c0875484483de19de8edf60a9f",
                "reference": "a7a83ae5df4dd3c0875484483de19de8edf60a9f",
                "shasum": ""
            },
            "type": "library",
            "autoload": {
                "psr-4": {
                    "JetBrains\\PhpStorm\\": "src/"
                }
            },
            "notification-url": "https://packagist.org/downloads/",
            "license": [
                "Apache-2.0"
            ],
            "authors": [
                {
                    "name": "JetBrains",
                    "homepage": "https://www.jetbrains.com"
                }
            ],
            "description": "PhpStorm specific attributes",
            "keywords": [
                "attributes",
                "jetbrains",
                "phpstorm"
            ],
            "support": {
                "issues": "https://youtrack.jetbrains.com/newIssue?project=WI",
                "source": "https://github.com/JetBrains/phpstorm-attributes/tree/1.0"
            },
            "time": "2020-11-17T11:09:47+00:00"
        }
    ],
    "aliases": [],
    "minimum-stability": "stable",
    "stability-flags": {
        "phpvv/db": 20
    },
    "prefer-stable": false,
    "prefer-lowest": false,
    "platform": {
        "php": "^8.0",
        "ext-pdo": "*"
    },
    "platform-dev": [],
    "plugin-api-version": "2.0.0"
}
