{
    "_readme": [
        "This file locks the dependencies of your project to a known state",
        "Read more about it at https://getcomposer.org/doc/01-basic-usage.md#installing-dependencies",
        "This file is @generated automatically"
    ],
    "content-hash": "796afefb41c6903413090377acb93983",
    "packages": [
        {
            "name": "phpvv/db",
            "version": "dev-master",
            "source": {
                "type": "git",
                "url": "https://github.com/phpvv/db.git",
                "reference": "7487b268cf686df02a801fb5fdbbcfc2836d7c28"
            },
            "dist": {
                "type": "zip",
                "url": "https://api.github.com/repos/phpvv/db/zipball/7487b268cf686df02a801fb5fdbbcfc2836d7c28",
                "reference": "7487b268cf686df02a801fb5fdbbcfc2836d7c28",
                "shasum": ""
            },
            "require": {
                "php": "^8.0",
                "phpvv/exception": "^0.2.0",
                "phpvv/runtime": "^0.2.0"
            },
            "require-dev": {
                "jetbrains/phpstorm-attributes": "^1.0"
            },
            "default-branch": true,
            "type": "library",
            "autoload": {
                "classmap": [
                    "Db.php"
                ],
                "psr-4": {
                    "VV\\Db\\": "Db"
                }
            },
            "notification-url": "https://packagist.org/downloads/",
            "license": [
                "MIT"
            ],
            "authors": [
                {
                    "name": "Volodymyr Sarnytskyi",
                    "email": "v00v4n@gmail.com"
                }
            ],
            "description": "VV database abstraction layer with query builder and DB structure models",
            "keywords": [
                "Abstraction Layer",
                "database",
                "db",
                "dbal",
                "mysql",
                "mysqli",
                "oci8",
                "oracle",
                "pdo",
                "postgres",
                "postgresql",
                "query builder",
                "sql"
            ],
            "support": {
                "issues": "https://github.com/phpvv/db/issues",
                "source": "https://github.com/phpvv/db/tree/master"
            },
            "time": "2021-07-11T12:34:24+00:00"
        },
        {
            "name": "phpvv/exception",
            "version": "0.2.1",
            "source": {
                "type": "git",
                "url": "https://github.com/phpvv/exception.git",
                "reference": "30889e5890be3c69070ef8910353975a0e44e7a7"
            },
            "dist": {
                "type": "zip",
                "url": "https://api.github.com/repos/phpvv/exception/zipball/30889e5890be3c69070ef8910353975a0e44e7a7",
                "reference": "30889e5890be3c69070ef8910353975a0e44e7a7",
                "shasum": ""
            },
            "require": {
                "php": "^8.0",
                "phpvv/runtime": "0.2.0"
            },
            "require-dev": {
                "jetbrains/phpstorm-attributes": "^1.0"
            },
            "type": "library",
            "autoload": {
                "classmap": [
                    "Exception.php"
                ],
                "psr-4": {
                    "VV\\Exception\\": "Exception/"
                }
            },
            "notification-url": "https://packagist.org/downloads/",
            "license": [
                "MIT"
            ],
            "authors": [
                {
                    "name": "Volodymyr Sarnytskyi",
                    "email": "v00v4n@gmail.com"
                }
            ],
            "description": "VV Exception",
            "support": {
                "issues": "https://github.com/phpvv/exception/issues",
                "source": "https://github.com/phpvv/exception/tree/0.2.1"
            },
            "time": "2021-04-26T12:37:48+00:00"
        },
        {
            "name": "phpvv/runtime",
            "version": "0.2.0",
            "source": {
                "type": "git",
                "url": "https://github.com/phpvv/runtime.git",
                "reference": "d407151fd0b19ca09759ab30d8c80304911a5080"
            },
            "dist": {
                "type": "zip",
                "url": "https://api.github.com/repos/phpvv/runtime/zipball/d407151fd0b19ca09759ab30d8c80304911a5080",
                "reference": "d407151fd0b19ca09759ab30d8c80304911a5080",
                "shasum": ""
            },
            "require": {
                "php": "^8.0"
            },
            "require-dev": {
                "jetbrains/phpstorm-attributes": "^1.0"
            },
            "type": "library",
            "autoload": {
                "files": [
                    "const.php",
                    "func.php"
                ],
                "classmap": [
                    "VV.php"
                ]
            },
            "notification-url": "https://packagist.org/downloads/",
            "license": [
                "MIT"
            ],
            "authors": [
                {
                    "name": "Volodymyr Sarnytskyi",
                    "email": "v00v4n@gmail.com"
                }
            ],
            "description": "VV Runtime",
            "support": {
                "issues": "https://github.com/phpvv/runtime/issues",
                "source": "https://github.com/phpvv/runtime/tree/v0.2.0"
            },
            "time": "2021-03-28T07:57:57+00:00"
        }
    ],
    "packages-dev": [
        {
            "name": "squizlabs/php_codesniffer",
            "version": "3.6.0",
            "source": {
                "type": "git",
                "url": "https://github.com/squizlabs/PHP_CodeSniffer.git",
                "reference": "ffced0d2c8fa8e6cdc4d695a743271fab6c38625"
            },
            "dist": {
                "type": "zip",
                "url": "https://api.github.com/repos/squizlabs/PHP_CodeSniffer/zipball/ffced0d2c8fa8e6cdc4d695a743271fab6c38625",
                "reference": "ffced0d2c8fa8e6cdc4d695a743271fab6c38625",
                "shasum": ""
            },
            "require": {
                "ext-simplexml": "*",
                "ext-tokenizer": "*",
                "ext-xmlwriter": "*",
                "php": ">=5.4.0"
            },
            "require-dev": {
                "phpunit/phpunit": "^4.0 || ^5.0 || ^6.0 || ^7.0"
            },
            "bin": [
                "bin/phpcs",
                "bin/phpcbf"
            ],
            "type": "library",
            "extra": {
                "branch-alias": {
                    "dev-master": "3.x-dev"
                }
            },
            "notification-url": "https://packagist.org/downloads/",
            "license": [
                "BSD-3-Clause"
            ],
            "authors": [
                {
                    "name": "Greg Sherwood",
                    "role": "lead"
                }
            ],
            "description": "PHP_CodeSniffer tokenizes PHP, JavaScript and CSS files and detects violations of a defined set of coding standards.",
            "homepage": "https://github.com/squizlabs/PHP_CodeSniffer",
            "keywords": [
                "phpcs",
                "standards"
            ],
            "support": {
                "issues": "https://github.com/squizlabs/PHP_CodeSniffer/issues",
                "source": "https://github.com/squizlabs/PHP_CodeSniffer",
                "wiki": "https://github.com/squizlabs/PHP_CodeSniffer/wiki"
            },
            "time": "2021-04-09T00:54:41+00:00"
        }
    ],
    "aliases": [],
    "minimum-stability": "stable",
    "stability-flags": {
        "phpvv/db": 20
    },
    "prefer-stable": false,
    "prefer-lowest": false,
    "platform": {
        "php": "^8.0",
        "ext-pdo": "*"
    },
    "platform-dev": [],
    "plugin-api-version": "2.0.0"
}
